
Microsoft Visual Studio Solution File, Format Version 12.00
Project("{FAE04EC0-301F-11D3-BF4B-00C04F79EFBC}") = "Task6_2", "Task6_2\Task6_2.csproj", "{C25FAFD0-635E-4A0D-8301-0C5609299E50}"
EndProject
Global
	GlobalSection(SolutionConfigurationPlatforms) = preSolution
		Debug|Any CPU = Debug|Any CPU
		Release|Any CPU = Release|Any CPU
	EndGlobalSection
	GlobalSection(ProjectConfigurationPlatforms) = postSolution
		{C25FAFD0-635E-4A0D-8301-0C5609299E50}.Debug|Any CPU.ActiveCfg = Debug|Any CPU
		{C25FAFD0-635E-4A0D-8301-0C5609299E50}.Debug|Any CPU.Build.0 = Debug|Any CPU
		{C25FAFD0-635E-4A0D-8301-0C5609299E50}.Release|Any CPU.ActiveCfg = Release|Any CPU
		{C25FAFD0-635E-4A0D-8301-0C5609299E50}.Release|Any CPU.Build.0 = Release|Any CPU
	EndGlobalSection
EndGlobal
